
Microsoft Visual Studio Solution File, Format Version 12.00
# Visual Studio Version 17
VisualStudioVersion = 17.2.32616.157
MinimumVisualStudioVersion = 10.0.40219.1
Project("{FAE04EC0-301F-11D3-BF4B-00C04F79EFBC}") = "ImprimeEtiqueta", "ImprimeEtiqueta\ImprimeEtiqueta.csproj", "{02438A38-F8B2-4E21-AF9B-B481702DF6F4}"
EndProject
Global
	GlobalSection(SolutionConfigurationPlatforms) = preSolution
		Debug|Any CPU = Debug|Any CPU
		Release|Any CPU = Release|Any CPU
	EndGlobalSection
	GlobalSection(ProjectConfigurationPlatforms) = postSolution
		{02438A38-F8B2-4E21-AF9B-B481702DF6F4}.Debug|Any CPU.ActiveCfg = Debug|Any CPU
		{02438A38-F8B2-4E21-AF9B-B481702DF6F4}.Debug|Any CPU.Build.0 = Debug|Any CPU
		{02438A38-F8B2-4E21-AF9B-B481702DF6F4}.Release|Any CPU.ActiveCfg = Release|Any CPU
		{02438A38-F8B2-4E21-AF9B-B481702DF6F4}.Release|Any CPU.Build.0 = Release|Any CPU
	EndGlobalSection
	GlobalSection(SolutionProperties) = preSolution
		HideSolutionNode = FALSE
	EndGlobalSection
	GlobalSection(ExtensibilityGlobals) = postSolution
		SolutionGuid = {0F4700AB-CD9B-4F0C-B650-FBA13420A08F}
	EndGlobalSection
EndGlobal
